
Microsoft Visual Studio Solution File, Format Version 12.00
# Visual Studio Version 17
VisualStudioVersion = 17.5.002.0
MinimumVisualStudioVersion = 10.0.40219.1
Project("{9A19103F-16F7-4668-BE54-9A1E7A4F7556}") = "ProjectsStd", "ProjectsStd.csproj", "{B520A598-5CA9-465D-AA20-C865589B6ED6}"
EndProject
Global
	GlobalSection(SolutionConfigurationPlatforms) = preSolution
		Debug|Any CPU = Debug|Any CPU
		Release|Any CPU = Release|Any CPU
	EndGlobalSection
	GlobalSection(ProjectConfigurationPlatforms) = postSolution
		{B520A598-5CA9-465D-AA20-C865589B6ED6}.Debug|Any CPU.ActiveCfg = Debug|Any CPU
		{B520A598-5CA9-465D-AA20-C865589B6ED6}.Debug|Any CPU.Build.0 = Debug|Any CPU
		{B520A598-5CA9-465D-AA20-C865589B6ED6}.Release|Any CPU.ActiveCfg = Release|Any CPU
		{B520A598-5CA9-465D-AA20-C865589B6ED6}.Release|Any CPU.Build.0 = Release|Any CPU
	EndGlobalSection
	GlobalSection(SolutionProperties) = preSolution
		HideSolutionNode = FALSE
	EndGlobalSection
	GlobalSection(ExtensibilityGlobals) = postSolution
		SolutionGuid = {75BE8862-364A-4D19-A222-68BA8A8FF19E}
	EndGlobalSection
EndGlobal
